
Microsoft Visual Studio Solution File, Format Version 12.00
# Visual Studio 15
VisualStudioVersion = 15.0.27428.2043
MinimumVisualStudioVersion = 10.0.40219.1
Project("{FAE04EC0-301F-11D3-BF4B-00C04F79EFBC}") = "ToBraile", "ToBraile\ToBraile.csproj", "{0D3544FA-36E5-4D31-B320-A5543114C6C8}"
EndProject
Global
	GlobalSection(SolutionConfigurationPlatforms) = preSolution
		Debug|Any CPU = Debug|Any CPU
		Release|Any CPU = Release|Any CPU
	EndGlobalSection
	GlobalSection(ProjectConfigurationPlatforms) = postSolution
		{0D3544FA-36E5-4D31-B320-A5543114C6C8}.Debug|Any CPU.ActiveCfg = Debug|Any CPU
		{0D3544FA-36E5-4D31-B320-A5543114C6C8}.Debug|Any CPU.Build.0 = Debug|Any CPU
		{0D3544FA-36E5-4D31-B320-A5543114C6C8}.Release|Any CPU.ActiveCfg = Release|Any CPU
		{0D3544FA-36E5-4D31-B320-A5543114C6C8}.Release|Any CPU.Build.0 = Release|Any CPU
	EndGlobalSection
	GlobalSection(SolutionProperties) = preSolution
		HideSolutionNode = FALSE
	EndGlobalSection
	GlobalSection(ExtensibilityGlobals) = postSolution
		SolutionGuid = {81C7D8F5-1FA1-4BAA-B2F3-3115223B7565}
	EndGlobalSection
EndGlobal
